
Microsoft Visual Studio Solution File, Format Version 12.00
# Visual Studio Version 17
VisualStudioVersion = 17.8.34316.72
MinimumVisualStudioVersion = 10.0.40219.1
Project("{9A19103F-16F7-4668-BE54-9A1E7A4F7556}") = "TaskManagerConsole", "TaskManagerConsole.csproj", "{A538371A-C7D4-4618-9DE8-2D51C1BD1BD8}"
EndProject
Project("{FAE04EC0-301F-11D3-BF4B-00C04F79EFBC}") = "TaskManagerTests", "..\TaskManagerTests\TaskManagerTests.csproj", "{E716A8AE-A021-4BB2-8F79-57FB3E7318B6}"
EndProject
Global
	GlobalSection(SolutionConfigurationPlatforms) = preSolution
		Debug|Any CPU = Debug|Any CPU
		Release|Any CPU = Release|Any CPU
	EndGlobalSection
	GlobalSection(ProjectConfigurationPlatforms) = postSolution
		{A538371A-C7D4-4618-9DE8-2D51C1BD1BD8}.Debug|Any CPU.ActiveCfg = Debug|Any CPU
		{A538371A-C7D4-4618-9DE8-2D51C1BD1BD8}.Debug|Any CPU.Build.0 = Debug|Any CPU
		{A538371A-C7D4-4618-9DE8-2D51C1BD1BD8}.Release|Any CPU.ActiveCfg = Release|Any CPU
		{A538371A-C7D4-4618-9DE8-2D51C1BD1BD8}.Release|Any CPU.Build.0 = Release|Any CPU
		{E716A8AE-A021-4BB2-8F79-57FB3E7318B6}.Debug|Any CPU.ActiveCfg = Debug|Any CPU
		{E716A8AE-A021-4BB2-8F79-57FB3E7318B6}.Debug|Any CPU.Build.0 = Debug|Any CPU
		{E716A8AE-A021-4BB2-8F79-57FB3E7318B6}.Release|Any CPU.ActiveCfg = Release|Any CPU
		{E716A8AE-A021-4BB2-8F79-57FB3E7318B6}.Release|Any CPU.Build.0 = Release|Any CPU
	EndGlobalSection
	GlobalSection(SolutionProperties) = preSolution
		HideSolutionNode = FALSE
	EndGlobalSection
	GlobalSection(ExtensibilityGlobals) = postSolution
		SolutionGuid = {58DBAE0D-3DDB-4190-BE85-158081A97D13}
	EndGlobalSection
EndGlobal
